
Microsoft Visual Studio Solution File, Format Version 12.00
Project("{FAE04EC0-301F-11D3-BF4B-00C04F79EFBC}") = "BusinessLogicTest", "BusinessLogicTest\BusinessLogicTest.csproj", "{14B79DBB-5B33-4DD5-AE27-A299DFE39DA3}"
EndProject
Project("{FAE04EC0-301F-11D3-BF4B-00C04F79EFBC}") = "BusinessLogic", "BusinessLogic\BusinessLogic.csproj", "{DD6F2DFF-7EFE-4685-97CA-8F28AB7CC54E}"
EndProject
Project("{FAE04EC0-301F-11D3-BF4B-00C04F79EFBC}") = "Domain", "Domain\Domain.csproj", "{B69765CA-EF0F-4E81-AC3E-F5DB457E1DEF}"
EndProject
Project("{FAE04EC0-301F-11D3-BF4B-00C04F79EFBC}") = "Repository", "Repository\Repository.csproj", "{031D45F3-76EE-47F1-8E64-165B2A650FE0}"
EndProject
Project("{FAE04EC0-301F-11D3-BF4B-00C04F79EFBC}") = "UserInterface", "UserInterface\UserInterface.csproj", "{3F4B5AB4-E333-43D2-B594-B4075E400026}"
EndProject
Global
	GlobalSection(SolutionConfigurationPlatforms) = preSolution
		Debug|Any CPU = Debug|Any CPU
		Release|Any CPU = Release|Any CPU
	EndGlobalSection
	GlobalSection(ProjectConfigurationPlatforms) = postSolution
		{14B79DBB-5B33-4DD5-AE27-A299DFE39DA3}.Debug|Any CPU.ActiveCfg = Debug|Any CPU
		{14B79DBB-5B33-4DD5-AE27-A299DFE39DA3}.Debug|Any CPU.Build.0 = Debug|Any CPU
		{14B79DBB-5B33-4DD5-AE27-A299DFE39DA3}.Release|Any CPU.ActiveCfg = Release|Any CPU
		{14B79DBB-5B33-4DD5-AE27-A299DFE39DA3}.Release|Any CPU.Build.0 = Release|Any CPU
		{DD6F2DFF-7EFE-4685-97CA-8F28AB7CC54E}.Debug|Any CPU.ActiveCfg = Debug|Any CPU
		{DD6F2DFF-7EFE-4685-97CA-8F28AB7CC54E}.Debug|Any CPU.Build.0 = Debug|Any CPU
		{DD6F2DFF-7EFE-4685-97CA-8F28AB7CC54E}.Release|Any CPU.ActiveCfg = Release|Any CPU
		{DD6F2DFF-7EFE-4685-97CA-8F28AB7CC54E}.Release|Any CPU.Build.0 = Release|Any CPU
		{B69765CA-EF0F-4E81-AC3E-F5DB457E1DEF}.Debug|Any CPU.ActiveCfg = Debug|Any CPU
		{B69765CA-EF0F-4E81-AC3E-F5DB457E1DEF}.Debug|Any CPU.Build.0 = Debug|Any CPU
		{B69765CA-EF0F-4E81-AC3E-F5DB457E1DEF}.Release|Any CPU.ActiveCfg = Release|Any CPU
		{B69765CA-EF0F-4E81-AC3E-F5DB457E1DEF}.Release|Any CPU.Build.0 = Release|Any CPU
		{031D45F3-76EE-47F1-8E64-165B2A650FE0}.Debug|Any CPU.ActiveCfg = Debug|Any CPU
		{031D45F3-76EE-47F1-8E64-165B2A650FE0}.Debug|Any CPU.Build.0 = Debug|Any CPU
		{031D45F3-76EE-47F1-8E64-165B2A650FE0}.Release|Any CPU.ActiveCfg = Release|Any CPU
		{031D45F3-76EE-47F1-8E64-165B2A650FE0}.Release|Any CPU.Build.0 = Release|Any CPU
		{3F4B5AB4-E333-43D2-B594-B4075E400026}.Debug|Any CPU.ActiveCfg = Debug|Any CPU
		{3F4B5AB4-E333-43D2-B594-B4075E400026}.Debug|Any CPU.Build.0 = Debug|Any CPU
		{3F4B5AB4-E333-43D2-B594-B4075E400026}.Release|Any CPU.ActiveCfg = Release|Any CPU
		{3F4B5AB4-E333-43D2-B594-B4075E400026}.Release|Any CPU.Build.0 = Release|Any CPU
	EndGlobalSection
EndGlobal
